{
  "name": "voy-api",
  "version": "1.0.0",
  "lockfileVersion": 2,
  "requires": true,
  "packages": {
    "": {
      "name": "voy-api",
      "version": "1.0.0",
      "license": "ISC",
      "dependencies": {
        "@prisma/client": "^3.14.0",
        "dotenv": "~16.0.1",
        "got": "~12.0.4",
        "koa": "~2.13.4",
        "koa-morgan": "~1.0.1",
        "prisma": "~3.14.0"
      },
      "devDependencies": {
        "@swc/core": "~1.2.181",
        "@swc/helpers": "~0.3.13",
        "@types/koa": "~2.13.4",
        "@types/koa-morgan": "~1.0.5",
        "@types/node": "~17.0.32",
        "@typescript-eslint/eslint-plugin": "~5.23.0",
        "@typescript-eslint/parser": "~5.23.0",
        "eslint": "~8.15.0",
        "eslint-config-airbnb-base": "~15.0.0",
        "eslint-import-resolver-typescript": "~2.7.1",
        "ts-node": "~10.7.0",
        "typescript": "~4.6.4"
      }
    },
    "../common/temp/node_modules/.pnpm/@swc+core@1.2.181/node_modules/@swc/core": {
      "version": "1.2.181",
      "dev": true,
      "license": "Apache-2.0",
      "bin": {
        "swcx": "run_swcx.js"
      },
      "devDependencies": {
        "@babel/compat-data": "^7.17.0",
        "@babel/core": "^7.13.16",
        "@babel/plugin-proposal-class-properties": "^7.13.0",
        "@babel/plugin-proposal-decorators": "^7.13.15",
        "@babel/plugin-proposal-object-rest-spread": "^7.13.8",
        "@babel/preset-env": "^7.13.15",
        "@babel/preset-react": "^7.13.13",
        "@babel/preset-typescript": "^7.13.0",
        "@babel/types": "^7.14.0",
        "@napi-rs/cli": "^2.7.0",
        "@swc/helpers": "^0.3.8",
        "@taplo/cli": "^0.3.2",
        "@types/jest": "^26.0.23",
        "@types/node": "^14.14.41",
        "acorn": "^8.6.0",
        "acorn-jsx": "^5.3.2",
        "axios": "^0.21.1",
        "babel-plugin-transform-node-env-inline": "^0.4.3",
        "benchmark": "^2.1.4",
        "class-validator": "^0.13.1",
        "core-js": "^2.6.11",
        "core-js-compat": "^3.21.1",
        "cross-env": "^7.0.3",
        "cspell": "^5.12.3",
        "expect": "^27.4.2",
        "husky": "^7.0.2",
        "jest": "^27.0.1",
        "lint-staged": "^12.3.6",
        "lodash": "^4.17.21",
        "mocha": "^9.1.3",
        "npm-run-all": "^4.1.5",
        "prettier": "^2.6.2",
        "progress": "^2.0.3",
        "prop-types": "^15.7.2",
        "react": "^17.0.2",
        "reflect-metadata": "^0.1.13",
        "regenerator-runtime": "^0.13.9",
        "source-map": "^0.7.3",
        "source-map-support": "^0.5.19",
        "sourcemap-validator": "^2.1.0",
        "terser": "^5.7.1",
        "ts-node": "^10.5.0",
        "typescript": "^4.5.2"
      },
      "engines": {
        "node": ">=10"
      },
      "funding": {
        "type": "opencollective",
        "url": "https://opencollective.com/swc"
      },
      "optionalDependencies": {
        "@swc/core-android-arm-eabi": "1.2.181",
        "@swc/core-android-arm64": "1.2.181",
        "@swc/core-darwin-arm64": "1.2.181",
        "@swc/core-darwin-x64": "1.2.181",
        "@swc/core-freebsd-x64": "1.2.181",
        "@swc/core-linux-arm-gnueabihf": "1.2.181",
        "@swc/core-linux-arm64-gnu": "1.2.181",
        "@swc/core-linux-arm64-musl": "1.2.181",
        "@swc/core-linux-x64-gnu": "1.2.181",
        "@swc/core-linux-x64-musl": "1.2.181",
        "@swc/core-win32-arm64-msvc": "1.2.181",
        "@swc/core-win32-ia32-msvc": "1.2.181",
        "@swc/core-win32-x64-msvc": "1.2.181"
      }
    },
    "../common/temp/node_modules/.pnpm/@swc+helpers@0.3.13/node_modules/@swc/helpers": {
      "version": "0.3.13",
      "dev": true,
      "license": "MIT",
      "dependencies": {
        "tslib": "^2.4.0"
      },
      "devDependencies": {
        "@swc/cli": "^0.1.36",
        "@swc/core": "^1.2.58"
      }
    },
    "../common/temp/node_modules/.pnpm/@types+koa-morgan@1.0.5/node_modules/@types/koa-morgan": {
      "version": "1.0.5",
      "dev": true,
      "license": "MIT",
      "dependencies": {
        "@types/koa": "*",
        "@types/morgan": "*"
      }
    },
    "../common/temp/node_modules/.pnpm/@types+koa@2.13.4/node_modules/@types/koa": {
      "version": "2.13.4",
      "dev": true,
      "license": "MIT",
      "dependencies": {
        "@types/accepts": "*",
        "@types/content-disposition": "*",
        "@types/cookies": "*",
        "@types/http-assert": "*",
        "@types/http-errors": "*",
        "@types/keygrip": "*",
        "@types/koa-compose": "*",
        "@types/node": "*"
      }
    },
    "../common/temp/node_modules/.pnpm/@types+node@17.0.32/node_modules/@types/node": {
      "version": "17.0.32",
      "dev": true,
      "license": "MIT"
    },
    "../common/temp/node_modules/.pnpm/@typescript-eslint+eslint-plugin@5.23.0_17b6d2ce7129f0b36f2c30ae592c16e7/node_modules/@typescript-eslint/eslint-plugin": {
      "version": "5.23.0",
      "dev": true,
      "license": "MIT",
      "dependencies": {
        "@typescript-eslint/scope-manager": "5.23.0",
        "@typescript-eslint/type-utils": "5.23.0",
        "@typescript-eslint/utils": "5.23.0",
        "debug": "^4.3.2",
        "functional-red-black-tree": "^1.0.1",
        "ignore": "^5.1.8",
        "regexpp": "^3.2.0",
        "semver": "^7.3.5",
        "tsutils": "^3.21.0"
      },
      "devDependencies": {
        "@types/debug": "*",
        "@types/json-schema": "*",
        "@types/marked": "*",
        "@types/prettier": "*",
        "chalk": "^4.1.2",
        "json-schema": "*",
        "marked": "^3.0.7",
        "prettier": "*",
        "title-case": "^3.0.3",
        "typescript": "*"
      },
      "engines": {
        "node": "^12.22.0 || ^14.17.0 || >=16.0.0"
      },
      "funding": {
        "type": "opencollective",
        "url": "https://opencollective.com/typescript-eslint"
      },
      "peerDependencies": {
        "@typescript-eslint/parser": "^5.0.0",
        "eslint": "^6.0.0 || ^7.0.0 || ^8.0.0"
      },
      "peerDependenciesMeta": {
        "typescript": {
          "optional": true
        }
      }
    },
    "../common/temp/node_modules/.pnpm/@typescript-eslint+parser@5.23.0_eslint@8.15.0+typescript@4.6.4/node_modules/@typescript-eslint/parser": {
      "version": "5.23.0",
      "dev": true,
      "license": "BSD-2-Clause",
      "dependencies": {
        "@typescript-eslint/scope-manager": "5.23.0",
        "@typescript-eslint/types": "5.23.0",
        "@typescript-eslint/typescript-estree": "5.23.0",
        "debug": "^4.3.2"
      },
      "devDependencies": {
        "@types/glob": "*",
        "glob": "*",
        "typescript": "*"
      },
      "engines": {
        "node": "^12.22.0 || ^14.17.0 || >=16.0.0"
      },
      "funding": {
        "type": "opencollective",
        "url": "https://opencollective.com/typescript-eslint"
      },
      "peerDependencies": {
        "eslint": "^6.0.0 || ^7.0.0 || ^8.0.0"
      },
      "peerDependenciesMeta": {
        "typescript": {
          "optional": true
        }
      }
    },
    "../common/temp/node_modules/.pnpm/dotenv@16.0.1/node_modules/dotenv": {
      "version": "16.0.1",
      "license": "BSD-2-Clause",
      "devDependencies": {
        "@types/node": "^17.0.9",
        "decache": "^4.6.1",
        "dtslint": "^3.7.0",
        "sinon": "^12.0.1",
        "standard": "^16.0.4",
        "standard-markdown": "^7.1.0",
        "standard-version": "^9.3.2",
        "tap": "^15.1.6",
        "tar": "^6.1.11",
        "typescript": "^4.5.4"
      },
      "engines": {
        "node": ">=12"
      }
    },
    "../common/temp/node_modules/.pnpm/eslint-config-airbnb-base@15.0.0_eslint@8.15.0/node_modules/eslint-config-airbnb-base": {
      "version": "15.0.0",
      "dev": true,
      "license": "MIT",
      "dependencies": {
        "confusing-browser-globals": "^1.0.10",
        "object.assign": "^4.1.2",
        "object.entries": "^1.1.5",
        "semver": "^6.3.0"
      },
      "devDependencies": {
        "@babel/runtime": "^7.16.0",
        "babel-preset-airbnb": "^4.5.0",
        "babel-tape-runner": "^3.0.0",
        "eclint": "^2.8.1",
        "eslint": "^7.32.0 || ^8.2.0",
        "eslint-find-rules": "^4.0.0",
        "eslint-plugin-import": "^2.25.2",
        "in-publish": "^2.0.1",
        "safe-publish-latest": "^2.0.0",
        "tape": "^5.3.1"
      },
      "engines": {
        "node": "^10.12.0 || >=12.0.0"
      },
      "peerDependencies": {
        "eslint": "^7.32.0 || ^8.2.0",
        "eslint-plugin-import": "^2.25.2"
      }
    },
    "../common/temp/node_modules/.pnpm/eslint-import-resolver-typescript@2.7.1_eslint@8.15.0/node_modules/eslint-import-resolver-typescript": {
      "version": "2.7.1",
      "dev": true,
      "license": "ISC",
      "dependencies": {
        "debug": "^4.3.4",
        "glob": "^7.2.0",
        "is-glob": "^4.0.3",
        "resolve": "^1.22.0",
        "tsconfig-paths": "^3.14.1"
      },
      "devDependencies": {
        "@1stg/lib-config": "^5.4.0",
        "@types/debug": "^4.1.7",
        "@types/glob": "^7.2.0",
        "@types/is-glob": "^4.0.2",
        "@types/node": "^17.0.23",
        "@types/resolve": "^1.20.1",
        "@types/unist": "^2.0.6",
        "dummy.js": "link:dummy.js",
        "eslint-import-resolver-typescript": "link:.",
        "react": "^18.0.0",
        "standard-version": "^9.3.2",
        "type-coverage": "^2.21.1",
        "typescript": "^4.6.3"
      },
      "engines": {
        "node": ">=4"
      },
      "peerDependencies": {
        "eslint": "*",
        "eslint-plugin-import": "*"
      }
    },
    "../common/temp/node_modules/.pnpm/eslint@8.15.0/node_modules/eslint": {
      "version": "8.15.0",
      "dev": true,
      "license": "MIT",
      "dependencies": {
        "@eslint/eslintrc": "^1.2.3",
        "@humanwhocodes/config-array": "^0.9.2",
        "ajv": "^6.10.0",
        "chalk": "^4.0.0",
        "cross-spawn": "^7.0.2",
        "debug": "^4.3.2",
        "doctrine": "^3.0.0",
        "escape-string-regexp": "^4.0.0",
        "eslint-scope": "^7.1.1",
        "eslint-utils": "^3.0.0",
        "eslint-visitor-keys": "^3.3.0",
        "espree": "^9.3.2",
        "esquery": "^1.4.0",
        "esutils": "^2.0.2",
        "fast-deep-equal": "^3.1.3",
        "file-entry-cache": "^6.0.1",
        "functional-red-black-tree": "^1.0.1",
        "glob-parent": "^6.0.1",
        "globals": "^13.6.0",
        "ignore": "^5.2.0",
        "import-fresh": "^3.0.0",
        "imurmurhash": "^0.1.4",
        "is-glob": "^4.0.0",
        "js-yaml": "^4.1.0",
        "json-stable-stringify-without-jsonify": "^1.0.1",
        "levn": "^0.4.1",
        "lodash.merge": "^4.6.2",
        "minimatch": "^3.1.2",
        "natural-compare": "^1.4.0",
        "optionator": "^0.9.1",
        "regexpp": "^3.2.0",
        "strip-ansi": "^6.0.1",
        "strip-json-comments": "^3.1.0",
        "text-table": "^0.2.0",
        "v8-compile-cache": "^2.0.3"
      },
      "bin": {
        "eslint": "bin/eslint.js"
      },
      "devDependencies": {
        "@babel/core": "^7.4.3",
        "@babel/preset-env": "^7.4.3",
        "babel-loader": "^8.0.5",
        "chai": "^4.0.1",
        "cheerio": "^0.22.0",
        "common-tags": "^1.8.0",
        "core-js": "^3.1.3",
        "dateformat": "^4.5.1",
        "ejs": "^3.0.2",
        "eslint": "file:.",
        "eslint-config-eslint": "file:packages/eslint-config-eslint",
        "eslint-plugin-eslint-comments": "^3.2.0",
        "eslint-plugin-eslint-plugin": "^4.0.1",
        "eslint-plugin-internal-rules": "file:tools/internal-rules",
        "eslint-plugin-jsdoc": "^37.0.0",
        "eslint-plugin-node": "^11.1.0",
        "eslint-release": "^3.2.0",
        "eslump": "^3.0.0",
        "esprima": "^4.0.1",
        "fs-teardown": "^0.1.3",
        "glob": "^7.1.6",
        "jsdoc": "^3.5.5",
        "karma": "^6.1.1",
        "karma-chrome-launcher": "^3.1.0",
        "karma-mocha": "^2.0.1",
        "karma-mocha-reporter": "^2.2.5",
        "karma-webpack": "^5.0.0",
        "lint-staged": "^11.0.0",
        "load-perf": "^0.2.0",
        "markdownlint": "^0.24.0",
        "markdownlint-cli": "^0.30.0",
        "marked": "^4.0.8",
        "memfs": "^3.0.1",
        "mocha": "^8.3.2",
        "mocha-junit-reporter": "^2.0.0",
        "node-polyfill-webpack-plugin": "^1.0.3",
        "npm-license": "^0.3.3",
        "nyc": "^15.0.1",
        "pirates": "^4.0.5",
        "progress": "^2.0.3",
        "proxyquire": "^2.0.1",
        "puppeteer": "^9.1.1",
        "recast": "^0.20.4",
        "regenerator-runtime": "^0.13.2",
        "semver": "^7.3.5",
        "shelljs": "^0.8.2",
        "sinon": "^11.0.0",
        "temp": "^0.9.0",
        "webpack": "^5.23.0",
        "webpack-cli": "^4.5.0",
        "yorkie": "^2.0.0"
      },
      "engines": {
        "node": "^12.22.0 || ^14.17.0 || >=16.0.0"
      },
      "funding": {
        "url": "https://opencollective.com/eslint"
      }
    },
    "../common/temp/node_modules/.pnpm/got@12.0.4/node_modules/got": {
      "version": "12.0.4",
      "license": "MIT",
      "dependencies": {
        "@sindresorhus/is": "^4.6.0",
        "@szmarczak/http-timer": "^5.0.1",
        "@types/cacheable-request": "^6.0.2",
        "@types/responselike": "^1.0.0",
        "cacheable-lookup": "^6.0.4",
        "cacheable-request": "^7.0.2",
        "decompress-response": "^6.0.0",
        "form-data-encoder": "1.7.1",
        "get-stream": "^6.0.1",
        "http2-wrapper": "^2.1.10",
        "lowercase-keys": "^3.0.0",
        "p-cancelable": "^3.0.0",
        "responselike": "^2.0.0"
      },
      "devDependencies": {
        "@hapi/bourne": "^2.0.0",
        "@sindresorhus/tsconfig": "^2.0.0",
        "@sinonjs/fake-timers": "^9.1.1",
        "@types/benchmark": "^2.1.1",
        "@types/express": "^4.17.13",
        "@types/node": "^17.0.21",
        "@types/pem": "^1.9.6",
        "@types/pify": "^5.0.1",
        "@types/readable-stream": "^2.3.13",
        "@types/request": "^2.48.8",
        "@types/sinon": "^10.0.11",
        "@types/sinonjs__fake-timers": "^8.1.1",
        "@types/tough-cookie": "^4.0.1",
        "ava": "^3.15.0",
        "axios": "^0.26.1",
        "benchmark": "^2.1.4",
        "bluebird": "^3.7.2",
        "body-parser": "^1.19.2",
        "create-cert": "^1.0.6",
        "create-test-server": "^3.0.1",
        "del-cli": "^4.0.1",
        "delay": "^5.0.0",
        "express": "^4.17.3",
        "form-data": "^4.0.0",
        "formdata-node": "^4.3.2",
        "nock": "^13.2.4",
        "node-fetch": "^3.2.3",
        "np": "^7.6.0",
        "nyc": "^15.1.0",
        "p-event": "^5.0.1",
        "pem": "^1.14.6",
        "pify": "^5.0.0",
        "readable-stream": "^3.6.0",
        "request": "^2.88.2",
        "sinon": "^13.0.1",
        "slow-stream": "0.0.4",
        "tempy": "^2.0.0",
        "then-busboy": "^5.1.1",
        "to-readable-stream": "^3.0.0",
        "tough-cookie": "^4.0.0",
        "ts-node": "^10.7.0",
        "typescript": "4.6.2",
        "xo": "^0.48.0"
      },
      "engines": {
        "node": ">=14.16"
      },
      "funding": {
        "url": "https://github.com/sindresorhus/got?sponsor=1"
      }
    },
    "../common/temp/node_modules/.pnpm/koa-morgan@1.0.1/node_modules/koa-morgan": {
      "version": "1.0.1",
      "license": "MIT",
      "dependencies": {
        "morgan": "^1.6.1"
      },
      "devDependencies": {
        "co": "^4.x",
        "isparta": "^4.x",
        "koa": "next",
        "mocha": "^2.x",
        "power-assert": "^1.x",
        "split": "^1.x",
        "supertest": "^1.x"
      }
    },
    "../common/temp/node_modules/.pnpm/koa@2.13.4/node_modules/koa": {
      "version": "2.13.4",
      "license": "MIT",
      "dependencies": {
        "accepts": "^1.3.5",
        "cache-content-type": "^1.0.0",
        "content-disposition": "~0.5.2",
        "content-type": "^1.0.4",
        "cookies": "~0.8.0",
        "debug": "^4.3.2",
        "delegates": "^1.0.0",
        "depd": "^2.0.0",
        "destroy": "^1.0.4",
        "encodeurl": "^1.0.2",
        "escape-html": "^1.0.3",
        "fresh": "~0.5.2",
        "http-assert": "^1.3.0",
        "http-errors": "^1.6.3",
        "is-generator-function": "^1.0.7",
        "koa-compose": "^4.1.0",
        "koa-convert": "^2.0.0",
        "on-finished": "^2.3.0",
        "only": "~0.0.2",
        "parseurl": "^1.3.2",
        "statuses": "^1.5.0",
        "type-is": "^1.6.16",
        "vary": "^1.1.2"
      },
      "devDependencies": {
        "eslint": "^7.32.0",
        "eslint-config-koa": "^2.0.0",
        "eslint-config-standard": "^16.0.3",
        "eslint-plugin-import": "^2.18.2",
        "eslint-plugin-node": "^11.1.0",
        "eslint-plugin-promise": "^5.1.0",
        "eslint-plugin-standard": "^5.0.0",
        "gen-esm-wrapper": "^1.0.6",
        "jest": "^27.0.6",
        "supertest": "^3.1.0"
      },
      "engines": {
        "node": "^4.8.4 || ^6.10.1 || ^7.10.1 || >= 8.1.4"
      }
    },
    "../common/temp/node_modules/.pnpm/morgan@1.10.0/node_modules/morgan": {
      "version": "1.10.0",
      "extraneous": true,
      "license": "MIT",
      "dependencies": {
        "basic-auth": "~2.0.1",
        "debug": "2.6.9",
        "depd": "~2.0.0",
        "on-finished": "~2.3.0",
        "on-headers": "~1.0.2"
      },
      "devDependencies": {
        "eslint": "6.8.0",
        "eslint-config-standard": "14.1.0",
        "eslint-plugin-import": "2.20.1",
        "eslint-plugin-markdown": "1.0.2",
        "eslint-plugin-node": "9.2.0",
        "eslint-plugin-promise": "4.2.1",
        "eslint-plugin-standard": "4.0.1",
        "mocha": "7.1.1",
        "nyc": "15.0.0",
        "split": "1.0.1",
        "supertest": "4.0.2"
      },
      "engines": {
        "node": ">= 0.8.0"
      }
    },
    "../common/temp/node_modules/.pnpm/prisma@3.14.0/node_modules/prisma": {
      "version": "3.14.0",
      "hasInstallScript": true,
      "license": "Apache-2.0",
      "dependencies": {
        "@prisma/engines": "3.14.0-36.2b0c12756921c891fec4f68d9444e18c7d5d4a6a"
      },
      "bin": {
        "prisma": "build/index.js",
        "prisma2": "build/index.js"
      },
      "devDependencies": {
        "@prisma/client": "3.14.0",
        "@prisma/debug": "3.14.0",
        "@prisma/fetch-engine": "3.14.0-36.2b0c12756921c891fec4f68d9444e18c7d5d4a6a",
        "@prisma/generator-helper": "3.14.0",
        "@prisma/get-platform": "3.14.0-36.2b0c12756921c891fec4f68d9444e18c7d5d4a6a",
        "@prisma/migrate": "3.14.0",
        "@prisma/sdk": "3.14.0",
        "@prisma/studio": "0.460.0",
        "@prisma/studio-server": "0.460.0",
        "@swc/core": "1.2.141",
        "@swc/jest": "0.2.20",
        "@types/debug": "4.1.7",
        "@types/fs-extra": "9.0.13",
        "@types/jest": "27.5.0",
        "@types/rimraf": "3.0.2",
        "@types/ws": "8.5.3",
        "chalk": "4.1.2",
        "checkpoint-client": "1.1.21",
        "debug": "4.3.3",
        "dotenv": "16.0.0",
        "esbuild": "0.13.14",
        "execa": "5.1.1",
        "fast-deep-equal": "3.1.3",
        "fs-extra": "10.0.0",
        "fs-jetpack": "4.3.0",
        "get-port": "5.1.1",
        "global-dirs": "3.0.0",
        "is-installed-globally": "0.4.0",
        "jest": "28.1.0",
        "jest-junit": "13.2.0",
        "line-replace": "2.0.1",
        "log-update": "4.0.0",
        "make-dir": "3.1.0",
        "node-fetch": "2.6.7",
        "open": "7.4.2",
        "pkg-up": "3.1.0",
        "replace-string": "3.1.0",
        "resolve-pkg": "2.0.0",
        "rimraf": "3.0.2",
        "strip-ansi": "6.0.1",
        "tempy": "1.0.1",
        "ts-pattern": "4.0.2",
        "typescript": "4.5.4"
      },
      "engines": {
        "node": ">=12.6"
      }
    },
    "../common/temp/node_modules/.pnpm/ts-node@10.7.0_473edc4f2bbc49da68485c3eed68f07e/node_modules/ts-node": {
      "version": "10.7.0",
      "dev": true,
      "license": "MIT",
      "dependencies": {
        "@cspotcode/source-map-support": "0.7.0",
        "@tsconfig/node10": "^1.0.7",
        "@tsconfig/node12": "^1.0.7",
        "@tsconfig/node14": "^1.0.0",
        "@tsconfig/node16": "^1.0.2",
        "acorn": "^8.4.1",
        "acorn-walk": "^8.1.1",
        "arg": "^4.1.0",
        "create-require": "^1.1.0",
        "diff": "^4.0.1",
        "make-error": "^1.1.1",
        "v8-compile-cache-lib": "^3.0.0",
        "yn": "3.1.1"
      },
      "bin": {
        "ts-node": "dist/bin.js",
        "ts-node-cwd": "dist/bin-cwd.js",
        "ts-node-esm": "dist/bin-esm.js",
        "ts-node-script": "dist/bin-script.js",
        "ts-node-transpile-only": "dist/bin-transpile.js",
        "ts-script": "dist/bin-script-deprecated.js"
      },
      "devDependencies": {
        "@microsoft/api-extractor": "^7.19.4",
        "@swc/core": ">=1.2.50",
        "@swc/wasm": ">=1.2.50",
        "@types/chai": "^4.0.4",
        "@types/diff": "^4.0.2",
        "@types/lodash": "^4.14.151",
        "@types/node": "13.13.5",
        "@types/proper-lockfile": "^4.1.2",
        "@types/proxyquire": "^1.3.28",
        "@types/react": "^16.0.2",
        "@types/rimraf": "^3.0.0",
        "@types/semver": "^7.1.0",
        "@yarnpkg/fslib": "^2.4.0",
        "ava": "^3.15.0",
        "axios": "^0.21.1",
        "chai": "^4.0.1",
        "expect": "^27.0.2",
        "get-stream": "^6.0.0",
        "lodash": "^4.17.15",
        "ntypescript": "^1.201507091536.1",
        "nyc": "^15.0.1",
        "prettier": "^2.5.1",
        "proper-lockfile": "^4.1.2",
        "proxyquire": "^2.0.0",
        "react": "^16.14.0",
        "rimraf": "^3.0.0",
        "semver": "^7.1.3",
        "throat": "^6.0.1",
        "typedoc": "^0.22.10",
        "typescript": "4.5.5",
        "typescript-json-schema": "^0.53.0",
        "util.promisify": "^1.0.1"
      },
      "peerDependencies": {
        "@swc/core": ">=1.2.50",
        "@swc/wasm": ">=1.2.50",
        "@types/node": "*",
        "typescript": ">=2.7"
      },
      "peerDependenciesMeta": {
        "@swc/core": {
          "optional": true
        },
        "@swc/wasm": {
          "optional": true
        }
      }
    },
    "../common/temp/node_modules/.pnpm/typescript@4.6.4/node_modules/typescript": {
      "version": "4.6.4",
      "dev": true,
      "license": "Apache-2.0",
      "bin": {
        "tsc": "bin/tsc",
        "tsserver": "bin/tsserver"
      },
      "devDependencies": {
        "@octokit/rest": "latest",
        "@types/browserify": "latest",
        "@types/chai": "latest",
        "@types/convert-source-map": "latest",
        "@types/glob": "latest",
        "@types/gulp": "^4.0.9",
        "@types/gulp-concat": "latest",
        "@types/gulp-newer": "latest",
        "@types/gulp-rename": "0.0.33",
        "@types/gulp-sourcemaps": "0.0.32",
        "@types/jake": "latest",
        "@types/merge2": "latest",
        "@types/microsoft__typescript-etw": "latest",
        "@types/minimatch": "latest",
        "@types/minimist": "latest",
        "@types/mkdirp": "latest",
        "@types/mocha": "latest",
        "@types/ms": "latest",
        "@types/node": "latest",
        "@types/node-fetch": "^2.3.4",
        "@types/q": "latest",
        "@types/source-map-support": "latest",
        "@types/through2": "latest",
        "@types/xml2js": "^0.4.0",
        "@typescript-eslint/eslint-plugin": "^4.28.0",
        "@typescript-eslint/experimental-utils": "^4.28.0",
        "@typescript-eslint/parser": "^4.28.0",
        "async": "latest",
        "azure-devops-node-api": "^11.0.1",
        "browser-resolve": "^1.11.2",
        "browserify": "latest",
        "chai": "latest",
        "chalk": "^4.1.2",
        "convert-source-map": "latest",
        "del": "5.1.0",
        "diff": "^4.0.2",
        "eslint": "7.12.1",
        "eslint-formatter-autolinkable-stylish": "1.1.4",
        "eslint-plugin-import": "2.22.1",
        "eslint-plugin-jsdoc": "30.7.6",
        "eslint-plugin-no-null": "1.0.2",
        "fancy-log": "latest",
        "fs-extra": "^9.0.0",
        "glob": "latest",
        "gulp": "^4.0.0",
        "gulp-concat": "latest",
        "gulp-insert": "latest",
        "gulp-newer": "latest",
        "gulp-rename": "latest",
        "gulp-sourcemaps": "latest",
        "merge2": "latest",
        "minimist": "latest",
        "mkdirp": "latest",
        "mocha": "latest",
        "mocha-fivemat-progress-reporter": "latest",
        "ms": "^2.1.3",
        "node-fetch": "^2.6.1",
        "plugin-error": "latest",
        "pretty-hrtime": "^1.0.3",
        "prex": "^0.4.3",
        "q": "latest",
        "source-map-support": "latest",
        "through2": "latest",
        "typescript": "^4.5.5",
        "vinyl": "latest",
        "vinyl-sourcemaps-apply": "latest",
        "xml2js": "^0.4.19"
      },
      "engines": {
        "node": ">=4.2.0"
      }
    },
    "node_modules/@prisma/client": {
      "version": "3.14.0",
      "resolved": "https://registry.npmjs.org/@prisma/client/-/client-3.14.0.tgz",
      "integrity": "sha512-atb41UpgTR1MCst0VIbiHTMw8lmXnwUvE1KyUCAkq08+wJyjRE78Due+nSf+7uwqQn+fBFYVmoojtinhlLOSaA==",
      "hasInstallScript": true,
      "dependencies": {
        "@prisma/engines-version": "3.14.0-36.2b0c12756921c891fec4f68d9444e18c7d5d4a6a"
      },
      "engines": {
        "node": ">=12.6"
      },
      "peerDependencies": {
        "prisma": "*"
      },
      "peerDependenciesMeta": {
        "prisma": {
          "optional": true
        }
      }
    },
    "node_modules/@prisma/engines-version": {
      "version": "3.14.0-36.2b0c12756921c891fec4f68d9444e18c7d5d4a6a",
      "resolved": "https://registry.npmjs.org/@prisma/engines-version/-/engines-version-3.14.0-36.2b0c12756921c891fec4f68d9444e18c7d5d4a6a.tgz",
      "integrity": "sha512-D+yHzq4a2r2Rrd0ZOW/mTZbgDIkUkD8ofKgusEI1xPiZz60Daks+UM7Me2ty5FzH3p/TgyhBpRrfIHx+ha20RQ=="
    },
    "node_modules/@swc/core": {
      "resolved": "../common/temp/node_modules/.pnpm/@swc+core@1.2.181/node_modules/@swc/core",
      "link": true
    },
    "node_modules/@swc/helpers": {
      "resolved": "../common/temp/node_modules/.pnpm/@swc+helpers@0.3.13/node_modules/@swc/helpers",
      "link": true
    },
    "node_modules/@types/koa": {
      "resolved": "../common/temp/node_modules/.pnpm/@types+koa@2.13.4/node_modules/@types/koa",
      "link": true
    },
    "node_modules/@types/koa-morgan": {
      "resolved": "../common/temp/node_modules/.pnpm/@types+koa-morgan@1.0.5/node_modules/@types/koa-morgan",
      "link": true
    },
    "node_modules/@types/node": {
      "resolved": "../common/temp/node_modules/.pnpm/@types+node@17.0.32/node_modules/@types/node",
      "link": true
    },
    "node_modules/@typescript-eslint/eslint-plugin": {
      "resolved": "../common/temp/node_modules/.pnpm/@typescript-eslint+eslint-plugin@5.23.0_17b6d2ce7129f0b36f2c30ae592c16e7/node_modules/@typescript-eslint/eslint-plugin",
      "link": true
    },
    "node_modules/@typescript-eslint/parser": {
      "resolved": "../common/temp/node_modules/.pnpm/@typescript-eslint+parser@5.23.0_eslint@8.15.0+typescript@4.6.4/node_modules/@typescript-eslint/parser",
      "link": true
    },
    "node_modules/dotenv": {
      "resolved": "../common/temp/node_modules/.pnpm/dotenv@16.0.1/node_modules/dotenv",
      "link": true
    },
    "node_modules/eslint": {
      "resolved": "../common/temp/node_modules/.pnpm/eslint@8.15.0/node_modules/eslint",
      "link": true
    },
    "node_modules/eslint-config-airbnb-base": {
      "resolved": "../common/temp/node_modules/.pnpm/eslint-config-airbnb-base@15.0.0_eslint@8.15.0/node_modules/eslint-config-airbnb-base",
      "link": true
    },
    "node_modules/eslint-import-resolver-typescript": {
      "resolved": "../common/temp/node_modules/.pnpm/eslint-import-resolver-typescript@2.7.1_eslint@8.15.0/node_modules/eslint-import-resolver-typescript",
      "link": true
    },
    "node_modules/got": {
      "resolved": "../common/temp/node_modules/.pnpm/got@12.0.4/node_modules/got",
      "link": true
    },
    "node_modules/koa": {
      "resolved": "../common/temp/node_modules/.pnpm/koa@2.13.4/node_modules/koa",
      "link": true
    },
    "node_modules/koa-morgan": {
      "resolved": "../common/temp/node_modules/.pnpm/koa-morgan@1.0.1/node_modules/koa-morgan",
      "link": true
    },
    "node_modules/prisma": {
      "resolved": "../common/temp/node_modules/.pnpm/prisma@3.14.0/node_modules/prisma",
      "link": true
    },
    "node_modules/ts-node": {
      "resolved": "../common/temp/node_modules/.pnpm/ts-node@10.7.0_473edc4f2bbc49da68485c3eed68f07e/node_modules/ts-node",
      "link": true
    },
    "node_modules/typescript": {
      "resolved": "../common/temp/node_modules/.pnpm/typescript@4.6.4/node_modules/typescript",
      "link": true
    }
  },
  "dependencies": {
    "@prisma/client": {
      "version": "3.14.0",
      "resolved": "https://registry.npmjs.org/@prisma/client/-/client-3.14.0.tgz",
      "integrity": "sha512-atb41UpgTR1MCst0VIbiHTMw8lmXnwUvE1KyUCAkq08+wJyjRE78Due+nSf+7uwqQn+fBFYVmoojtinhlLOSaA==",
      "requires": {
        "@prisma/engines-version": "3.14.0-36.2b0c12756921c891fec4f68d9444e18c7d5d4a6a"
      }
    },
    "@prisma/engines-version": {
      "version": "3.14.0-36.2b0c12756921c891fec4f68d9444e18c7d5d4a6a",
      "resolved": "https://registry.npmjs.org/@prisma/engines-version/-/engines-version-3.14.0-36.2b0c12756921c891fec4f68d9444e18c7d5d4a6a.tgz",
      "integrity": "sha512-D+yHzq4a2r2Rrd0ZOW/mTZbgDIkUkD8ofKgusEI1xPiZz60Daks+UM7Me2ty5FzH3p/TgyhBpRrfIHx+ha20RQ=="
    },
    "@swc/core": {
      "version": "file:../common/temp/node_modules/.pnpm/@swc+core@1.2.181/node_modules/@swc/core",
      "requires": {
        "@babel/compat-data": "^7.17.0",
        "@babel/core": "^7.13.16",
        "@babel/plugin-proposal-class-properties": "^7.13.0",
        "@babel/plugin-proposal-decorators": "^7.13.15",
        "@babel/plugin-proposal-object-rest-spread": "^7.13.8",
        "@babel/preset-env": "^7.13.15",
        "@babel/preset-react": "^7.13.13",
        "@babel/preset-typescript": "^7.13.0",
        "@babel/types": "^7.14.0",
        "@napi-rs/cli": "^2.7.0",
        "@swc/core-android-arm-eabi": "1.2.181",
        "@swc/core-android-arm64": "1.2.181",
        "@swc/core-darwin-arm64": "1.2.181",
        "@swc/core-darwin-x64": "1.2.181",
        "@swc/core-freebsd-x64": "1.2.181",
        "@swc/core-linux-arm-gnueabihf": "1.2.181",
        "@swc/core-linux-arm64-gnu": "1.2.181",
        "@swc/core-linux-arm64-musl": "1.2.181",
        "@swc/core-linux-x64-gnu": "1.2.181",
        "@swc/core-linux-x64-musl": "1.2.181",
        "@swc/core-win32-arm64-msvc": "1.2.181",
        "@swc/core-win32-ia32-msvc": "1.2.181",
        "@swc/core-win32-x64-msvc": "1.2.181",
        "@swc/helpers": "^0.3.8",
        "@taplo/cli": "^0.3.2",
        "@types/jest": "^26.0.23",
        "@types/node": "^14.14.41",
        "acorn": "^8.6.0",
        "acorn-jsx": "^5.3.2",
        "axios": "^0.21.1",
        "babel-plugin-transform-node-env-inline": "^0.4.3",
        "benchmark": "^2.1.4",
        "class-validator": "^0.13.1",
        "core-js": "^2.6.11",
        "core-js-compat": "^3.21.1",
        "cross-env": "^7.0.3",
        "cspell": "^5.12.3",
        "expect": "^27.4.2",
        "husky": "^7.0.2",
        "jest": "^27.0.1",
        "lint-staged": "^12.3.6",
        "lodash": "^4.17.21",
        "mocha": "^9.1.3",
        "npm-run-all": "^4.1.5",
        "prettier": "^2.6.2",
        "progress": "^2.0.3",
        "prop-types": "^15.7.2",
        "react": "^17.0.2",
        "reflect-metadata": "^0.1.13",
        "regenerator-runtime": "^0.13.9",
        "source-map": "^0.7.3",
        "source-map-support": "^0.5.19",
        "sourcemap-validator": "^2.1.0",
        "terser": "^5.7.1",
        "ts-node": "^10.5.0",
        "typescript": "^4.5.2"
      }
    },
    "@swc/helpers": {
      "version": "file:../common/temp/node_modules/.pnpm/@swc+helpers@0.3.13/node_modules/@swc/helpers",
      "requires": {
        "@swc/cli": "^0.1.36",
        "@swc/core": "^1.2.58",
        "tslib": "^2.4.0"
      }
    },
    "@types/koa": {
      "version": "file:../common/temp/node_modules/.pnpm/@types+koa@2.13.4/node_modules/@types/koa",
      "requires": {
        "@types/accepts": "*",
        "@types/content-disposition": "*",
        "@types/cookies": "*",
        "@types/http-assert": "*",
        "@types/http-errors": "*",
        "@types/keygrip": "*",
        "@types/koa-compose": "*",
        "@types/node": "*"
      }
    },
    "@types/koa-morgan": {
      "version": "file:../common/temp/node_modules/.pnpm/@types+koa-morgan@1.0.5/node_modules/@types/koa-morgan",
      "requires": {
        "@types/koa": "*",
        "@types/morgan": "*"
      }
    },
    "@types/node": {
      "version": "file:../common/temp/node_modules/.pnpm/@types+node@17.0.32/node_modules/@types/node"
    },
    "@typescript-eslint/eslint-plugin": {
      "version": "file:../common/temp/node_modules/.pnpm/@typescript-eslint+eslint-plugin@5.23.0_17b6d2ce7129f0b36f2c30ae592c16e7/node_modules/@typescript-eslint/eslint-plugin",
      "requires": {
        "@types/debug": "*",
        "@types/json-schema": "*",
        "@types/marked": "*",
        "@types/prettier": "*",
        "@typescript-eslint/scope-manager": "5.23.0",
        "@typescript-eslint/type-utils": "5.23.0",
        "@typescript-eslint/utils": "5.23.0",
        "chalk": "^4.1.2",
        "debug": "^4.3.2",
        "functional-red-black-tree": "^1.0.1",
        "ignore": "^5.1.8",
        "json-schema": "*",
        "marked": "^3.0.7",
        "prettier": "*",
        "regexpp": "^3.2.0",
        "semver": "^7.3.5",
        "title-case": "^3.0.3",
        "tsutils": "^3.21.0",
        "typescript": "*"
      }
    },
    "@typescript-eslint/parser": {
      "version": "file:../common/temp/node_modules/.pnpm/@typescript-eslint+parser@5.23.0_eslint@8.15.0+typescript@4.6.4/node_modules/@typescript-eslint/parser",
      "requires": {
        "@types/glob": "*",
        "@typescript-eslint/scope-manager": "5.23.0",
        "@typescript-eslint/types": "5.23.0",
        "@typescript-eslint/typescript-estree": "5.23.0",
        "debug": "^4.3.2",
        "glob": "*",
        "typescript": "*"
      }
    },
    "dotenv": {
      "version": "file:../common/temp/node_modules/.pnpm/dotenv@16.0.1/node_modules/dotenv",
      "requires": {
        "@types/node": "^17.0.9",
        "decache": "^4.6.1",
        "dtslint": "^3.7.0",
        "sinon": "^12.0.1",
        "standard": "^16.0.4",
        "standard-markdown": "^7.1.0",
        "standard-version": "^9.3.2",
        "tap": "^15.1.6",
        "tar": "^6.1.11",
        "typescript": "^4.5.4"
      }
    },
    "eslint": {
      "version": "file:../common/temp/node_modules/.pnpm/eslint@8.15.0/node_modules/eslint",
      "requires": {
        "@babel/core": "^7.4.3",
        "@babel/preset-env": "^7.4.3",
        "@eslint/eslintrc": "^1.2.3",
        "@humanwhocodes/config-array": "^0.9.2",
        "ajv": "^6.10.0",
        "babel-loader": "^8.0.5",
        "chai": "^4.0.1",
        "chalk": "^4.0.0",
        "cheerio": "^0.22.0",
        "common-tags": "^1.8.0",
        "core-js": "^3.1.3",
        "cross-spawn": "^7.0.2",
        "dateformat": "^4.5.1",
        "debug": "^4.3.2",
        "doctrine": "^3.0.0",
        "ejs": "^3.0.2",
        "escape-string-regexp": "^4.0.0",
        "eslint": "file:",
        "eslint-config-eslint": "file:packages/eslint-config-eslint",
        "eslint-plugin-eslint-comments": "^3.2.0",
        "eslint-plugin-eslint-plugin": "^4.0.1",
        "eslint-plugin-internal-rules": "file:tools/internal-rules",
        "eslint-plugin-jsdoc": "^37.0.0",
        "eslint-plugin-node": "^11.1.0",
        "eslint-release": "^3.2.0",
        "eslint-scope": "^7.1.1",
        "eslint-utils": "^3.0.0",
        "eslint-visitor-keys": "^3.3.0",
        "eslump": "^3.0.0",
        "espree": "^9.3.2",
        "esprima": "^4.0.1",
        "esquery": "^1.4.0",
        "esutils": "^2.0.2",
        "fast-deep-equal": "^3.1.3",
        "file-entry-cache": "^6.0.1",
        "fs-teardown": "^0.1.3",
        "functional-red-black-tree": "^1.0.1",
        "glob": "^7.1.6",
        "glob-parent": "^6.0.1",
        "globals": "^13.6.0",
        "ignore": "^5.2.0",
        "import-fresh": "^3.0.0",
        "imurmurhash": "^0.1.4",
        "is-glob": "^4.0.0",
        "js-yaml": "^4.1.0",
        "jsdoc": "^3.5.5",
        "json-stable-stringify-without-jsonify": "^1.0.1",
        "karma": "^6.1.1",
        "karma-chrome-launcher": "^3.1.0",
        "karma-mocha": "^2.0.1",
        "karma-mocha-reporter": "^2.2.5",
        "karma-webpack": "^5.0.0",
        "levn": "^0.4.1",
        "lint-staged": "^11.0.0",
        "load-perf": "^0.2.0",
        "lodash.merge": "^4.6.2",
        "markdownlint": "^0.24.0",
        "markdownlint-cli": "^0.30.0",
        "marked": "^4.0.8",
        "memfs": "^3.0.1",
        "minimatch": "^3.1.2",
        "mocha": "^8.3.2",
        "mocha-junit-reporter": "^2.0.0",
        "natural-compare": "^1.4.0",
        "node-polyfill-webpack-plugin": "^1.0.3",
        "npm-license": "^0.3.3",
        "nyc": "^15.0.1",
        "optionator": "^0.9.1",
        "pirates": "^4.0.5",
        "progress": "^2.0.3",
        "proxyquire": "^2.0.1",
        "puppeteer": "^9.1.1",
        "recast": "^0.20.4",
        "regenerator-runtime": "^0.13.2",
        "regexpp": "^3.2.0",
        "semver": "^7.3.5",
        "shelljs": "^0.8.2",
        "sinon": "^11.0.0",
        "strip-ansi": "^6.0.1",
        "strip-json-comments": "^3.1.0",
        "temp": "^0.9.0",
        "text-table": "^0.2.0",
        "v8-compile-cache": "^2.0.3",
        "webpack": "^5.23.0",
        "webpack-cli": "^4.5.0",
        "yorkie": "^2.0.0"
      }
    },
    "eslint-config-airbnb-base": {
      "version": "file:../common/temp/node_modules/.pnpm/eslint-config-airbnb-base@15.0.0_eslint@8.15.0/node_modules/eslint-config-airbnb-base",
      "requires": {
        "@babel/runtime": "^7.16.0",
        "babel-preset-airbnb": "^4.5.0",
        "babel-tape-runner": "^3.0.0",
        "confusing-browser-globals": "^1.0.10",
        "eclint": "^2.8.1",
        "eslint": "^7.32.0 || ^8.2.0",
        "eslint-find-rules": "^4.0.0",
        "eslint-plugin-import": "^2.25.2",
        "in-publish": "^2.0.1",
        "object.assign": "^4.1.2",
        "object.entries": "^1.1.5",
        "safe-publish-latest": "^2.0.0",
        "semver": "^6.3.0",
        "tape": "^5.3.1"
      }
    },
    "eslint-import-resolver-typescript": {
      "version": "file:../common/temp/node_modules/.pnpm/eslint-import-resolver-typescript@2.7.1_eslint@8.15.0/node_modules/eslint-import-resolver-typescript",
      "requires": {
        "@1stg/lib-config": "^5.4.0",
        "@types/debug": "^4.1.7",
        "@types/glob": "^7.2.0",
        "@types/is-glob": "^4.0.2",
        "@types/node": "^17.0.23",
        "@types/resolve": "^1.20.1",
        "@types/unist": "^2.0.6",
        "debug": "^4.3.4",
        "dummy.js": "link:dummy.js",
        "eslint-import-resolver-typescript": "link:.",
        "glob": "^7.2.0",
        "is-glob": "^4.0.3",
        "react": "^18.0.0",
        "resolve": "^1.22.0",
        "standard-version": "^9.3.2",
        "tsconfig-paths": "^3.14.1",
        "type-coverage": "^2.21.1",
        "typescript": "^4.6.3"
      }
    },
    "got": {
      "version": "file:../common/temp/node_modules/.pnpm/got@12.0.4/node_modules/got",
      "requires": {
        "@hapi/bourne": "^2.0.0",
        "@sindresorhus/is": "^4.6.0",
        "@sindresorhus/tsconfig": "^2.0.0",
        "@sinonjs/fake-timers": "^9.1.1",
        "@szmarczak/http-timer": "^5.0.1",
        "@types/benchmark": "^2.1.1",
        "@types/cacheable-request": "^6.0.2",
        "@types/express": "^4.17.13",
        "@types/node": "^17.0.21",
        "@types/pem": "^1.9.6",
        "@types/pify": "^5.0.1",
        "@types/readable-stream": "^2.3.13",
        "@types/request": "^2.48.8",
        "@types/responselike": "^1.0.0",
        "@types/sinon": "^10.0.11",
        "@types/sinonjs__fake-timers": "^8.1.1",
        "@types/tough-cookie": "^4.0.1",
        "ava": "^3.15.0",
        "axios": "^0.26.1",
        "benchmark": "^2.1.4",
        "bluebird": "^3.7.2",
        "body-parser": "^1.19.2",
        "cacheable-lookup": "^6.0.4",
        "cacheable-request": "^7.0.2",
        "create-cert": "^1.0.6",
        "create-test-server": "^3.0.1",
        "decompress-response": "^6.0.0",
        "del-cli": "^4.0.1",
        "delay": "^5.0.0",
        "express": "^4.17.3",
        "form-data": "^4.0.0",
        "form-data-encoder": "1.7.1",
        "formdata-node": "^4.3.2",
        "get-stream": "^6.0.1",
        "http2-wrapper": "^2.1.10",
        "lowercase-keys": "^3.0.0",
        "nock": "^13.2.4",
        "node-fetch": "^3.2.3",
        "np": "^7.6.0",
        "nyc": "^15.1.0",
        "p-cancelable": "^3.0.0",
        "p-event": "^5.0.1",
        "pem": "^1.14.6",
        "pify": "^5.0.0",
        "readable-stream": "^3.6.0",
        "request": "^2.88.2",
        "responselike": "^2.0.0",
        "sinon": "^13.0.1",
        "slow-stream": "0.0.4",
        "tempy": "^2.0.0",
        "then-busboy": "^5.1.1",
        "to-readable-stream": "^3.0.0",
        "tough-cookie": "^4.0.0",
        "ts-node": "^10.7.0",
        "typescript": "4.6.2",
        "xo": "^0.48.0"
      }
    },
    "koa": {
      "version": "file:../common/temp/node_modules/.pnpm/koa@2.13.4/node_modules/koa",
      "requires": {
        "accepts": "^1.3.5",
        "cache-content-type": "^1.0.0",
        "content-disposition": "~0.5.2",
        "content-type": "^1.0.4",
        "cookies": "~0.8.0",
        "debug": "^4.3.2",
        "delegates": "^1.0.0",
        "depd": "^2.0.0",
        "destroy": "^1.0.4",
        "encodeurl": "^1.0.2",
        "escape-html": "^1.0.3",
        "eslint": "^7.32.0",
        "eslint-config-koa": "^2.0.0",
        "eslint-config-standard": "^16.0.3",
        "eslint-plugin-import": "^2.18.2",
        "eslint-plugin-node": "^11.1.0",
        "eslint-plugin-promise": "^5.1.0",
        "eslint-plugin-standard": "^5.0.0",
        "fresh": "~0.5.2",
        "gen-esm-wrapper": "^1.0.6",
        "http-assert": "^1.3.0",
        "http-errors": "^1.6.3",
        "is-generator-function": "^1.0.7",
        "jest": "^27.0.6",
        "koa-compose": "^4.1.0",
        "koa-convert": "^2.0.0",
        "on-finished": "^2.3.0",
        "only": "~0.0.2",
        "parseurl": "^1.3.2",
        "statuses": "^1.5.0",
        "supertest": "^3.1.0",
        "type-is": "^1.6.16",
        "vary": "^1.1.2"
      }
    },
    "koa-morgan": {
      "version": "file:../common/temp/node_modules/.pnpm/koa-morgan@1.0.1/node_modules/koa-morgan",
      "requires": {
        "co": "^4.x",
        "isparta": "^4.x",
        "koa": "next",
        "mocha": "^2.x",
        "morgan": "^1.6.1",
        "power-assert": "^1.x",
        "split": "^1.x",
        "supertest": "^1.x"
      }
    },
    "prisma": {
      "version": "file:../common/temp/node_modules/.pnpm/prisma@3.14.0/node_modules/prisma",
      "requires": {
        "@prisma/client": "3.14.0",
        "@prisma/debug": "3.14.0",
        "@prisma/engines": "3.14.0-36.2b0c12756921c891fec4f68d9444e18c7d5d4a6a",
        "@prisma/fetch-engine": "3.14.0-36.2b0c12756921c891fec4f68d9444e18c7d5d4a6a",
        "@prisma/generator-helper": "3.14.0",
        "@prisma/get-platform": "3.14.0-36.2b0c12756921c891fec4f68d9444e18c7d5d4a6a",
        "@prisma/migrate": "3.14.0",
        "@prisma/sdk": "3.14.0",
        "@prisma/studio": "0.460.0",
        "@prisma/studio-server": "0.460.0",
        "@swc/core": "1.2.141",
        "@swc/jest": "0.2.20",
        "@types/debug": "4.1.7",
        "@types/fs-extra": "9.0.13",
        "@types/jest": "27.5.0",
        "@types/rimraf": "3.0.2",
        "@types/ws": "8.5.3",
        "chalk": "4.1.2",
        "checkpoint-client": "1.1.21",
        "debug": "4.3.3",
        "dotenv": "16.0.0",
        "esbuild": "0.13.14",
        "execa": "5.1.1",
        "fast-deep-equal": "3.1.3",
        "fs-extra": "10.0.0",
        "fs-jetpack": "4.3.0",
        "get-port": "5.1.1",
        "global-dirs": "3.0.0",
        "is-installed-globally": "0.4.0",
        "jest": "28.1.0",
        "jest-junit": "13.2.0",
        "line-replace": "2.0.1",
        "log-update": "4.0.0",
        "make-dir": "3.1.0",
        "node-fetch": "2.6.7",
        "open": "7.4.2",
        "pkg-up": "3.1.0",
        "replace-string": "3.1.0",
        "resolve-pkg": "2.0.0",
        "rimraf": "3.0.2",
        "strip-ansi": "6.0.1",
        "tempy": "1.0.1",
        "ts-pattern": "4.0.2",
        "typescript": "4.5.4"
      }
    },
    "ts-node": {
      "version": "file:../common/temp/node_modules/.pnpm/ts-node@10.7.0_473edc4f2bbc49da68485c3eed68f07e/node_modules/ts-node",
      "requires": {
        "@cspotcode/source-map-support": "0.7.0",
        "@microsoft/api-extractor": "^7.19.4",
        "@swc/core": ">=1.2.50",
        "@swc/wasm": ">=1.2.50",
        "@tsconfig/node10": "^1.0.7",
        "@tsconfig/node12": "^1.0.7",
        "@tsconfig/node14": "^1.0.0",
        "@tsconfig/node16": "^1.0.2",
        "@types/chai": "^4.0.4",
        "@types/diff": "^4.0.2",
        "@types/lodash": "^4.14.151",
        "@types/node": "13.13.5",
        "@types/proper-lockfile": "^4.1.2",
        "@types/proxyquire": "^1.3.28",
        "@types/react": "^16.0.2",
        "@types/rimraf": "^3.0.0",
        "@types/semver": "^7.1.0",
        "@yarnpkg/fslib": "^2.4.0",
        "acorn": "^8.4.1",
        "acorn-walk": "^8.1.1",
        "arg": "^4.1.0",
        "ava": "^3.15.0",
        "axios": "^0.21.1",
        "chai": "^4.0.1",
        "create-require": "^1.1.0",
        "diff": "^4.0.1",
        "expect": "^27.0.2",
        "get-stream": "^6.0.0",
        "lodash": "^4.17.15",
        "make-error": "^1.1.1",
        "ntypescript": "^1.201507091536.1",
        "nyc": "^15.0.1",
        "prettier": "^2.5.1",
        "proper-lockfile": "^4.1.2",
        "proxyquire": "^2.0.0",
        "react": "^16.14.0",
        "rimraf": "^3.0.0",
        "semver": "^7.1.3",
        "throat": "^6.0.1",
        "typedoc": "^0.22.10",
        "typescript": "4.5.5",
        "typescript-json-schema": "^0.53.0",
        "util.promisify": "^1.0.1",
        "v8-compile-cache-lib": "^3.0.0",
        "yn": "3.1.1"
      }
    },
    "typescript": {
      "version": "file:../common/temp/node_modules/.pnpm/typescript@4.6.4/node_modules/typescript",
      "requires": {
        "@octokit/rest": "latest",
        "@types/browserify": "latest",
        "@types/chai": "latest",
        "@types/convert-source-map": "latest",
        "@types/glob": "latest",
        "@types/gulp": "^4.0.9",
        "@types/gulp-concat": "latest",
        "@types/gulp-newer": "latest",
        "@types/gulp-rename": "0.0.33",
        "@types/gulp-sourcemaps": "0.0.32",
        "@types/jake": "latest",
        "@types/merge2": "latest",
        "@types/microsoft__typescript-etw": "latest",
        "@types/minimatch": "latest",
        "@types/minimist": "latest",
        "@types/mkdirp": "latest",
        "@types/mocha": "latest",
        "@types/ms": "latest",
        "@types/node": "latest",
        "@types/node-fetch": "^2.3.4",
        "@types/q": "latest",
        "@types/source-map-support": "latest",
        "@types/through2": "latest",
        "@types/xml2js": "^0.4.0",
        "@typescript-eslint/eslint-plugin": "^4.28.0",
        "@typescript-eslint/experimental-utils": "^4.28.0",
        "@typescript-eslint/parser": "^4.28.0",
        "async": "latest",
        "azure-devops-node-api": "^11.0.1",
        "browser-resolve": "^1.11.2",
        "browserify": "latest",
        "chai": "latest",
        "chalk": "^4.1.2",
        "convert-source-map": "latest",
        "del": "5.1.0",
        "diff": "^4.0.2",
        "eslint": "7.12.1",
        "eslint-formatter-autolinkable-stylish": "1.1.4",
        "eslint-plugin-import": "2.22.1",
        "eslint-plugin-jsdoc": "30.7.6",
        "eslint-plugin-no-null": "1.0.2",
        "fancy-log": "latest",
        "fs-extra": "^9.0.0",
        "glob": "latest",
        "gulp": "^4.0.0",
        "gulp-concat": "latest",
        "gulp-insert": "latest",
        "gulp-newer": "latest",
        "gulp-rename": "latest",
        "gulp-sourcemaps": "latest",
        "merge2": "latest",
        "minimist": "latest",
        "mkdirp": "latest",
        "mocha": "latest",
        "mocha-fivemat-progress-reporter": "latest",
        "ms": "^2.1.3",
        "node-fetch": "^2.6.1",
        "plugin-error": "latest",
        "pretty-hrtime": "^1.0.3",
        "prex": "^0.4.3",
        "q": "latest",
        "source-map-support": "latest",
        "through2": "latest",
        "typescript": "^4.5.5",
        "vinyl": "latest",
        "vinyl-sourcemaps-apply": "latest",
        "xml2js": "^0.4.19"
      }
    }
  }
}
